
Microsoft Visual Studio Solution File, Format Version 12.00
# Visual Studio 11
Project("{8BC9CEB8-8B4A-11D0-8D11-00A0C91BC942}") = "bank1", "bank1\bank1.vcxproj", "{C54BE5FD-8ED7-F078-7FE7-2C6B237381AC}"
EndProject
Global
	GlobalSection(SolutionConfigurationPlatforms) = preSolution
		Debug|Win32 = Debug|Win32
		Release|Win32 = Release|Win32
	EndGlobalSection
	GlobalSection(ProjectConfigurationPlatforms) = postSolution
		{C54BE5FD-8ED7-F078-7FE7-2C6B237381AC}.Debug|Win32.ActiveCfg = Debug|Win32
		{C54BE5FD-8ED7-F078-7FE7-2C6B237381AC}.Debug|Win32.Build.0 = Debug|Win32
		{C54BE5FD-8ED7-F078-7FE7-2C6B237381AC}.Release|Win32.ActiveCfg = Release|Win32
		{C54BE5FD-8ED7-F078-7FE7-2C6B237381AC}.Release|Win32.Build.0 = Release|Win32
	EndGlobalSection
	GlobalSection(SolutionProperties) = preSolution
		HideSolutionNode = FALSE
	EndGlobalSection
EndGlobal
